// !$*UTF8*$!
{
	archiveVersion = 1;
	classes = {
	};
	objectVersion = 77;
	objects = {

/* Begin PBXBuildFile section */
		843CC1112CCBE01C00210E52 /* RealmSwift in Frameworks */ = {isa = PBXBuildFile; productRef = 843CC1102CCBE01C00210E52 /* RealmSwift */; };
		843CC11E2CCD72E600210E52 /* FirebaseAuth in Frameworks */ = {isa = PBXBuildFile; productRef = 843CC11D2CCD72E600210E52 /* FirebaseAuth */; };
		843CC1412CCD98A700210E52 /* GoogleSignIn in Frameworks */ = {isa = PBXBuildFile; productRef = 843CC1402CCD98A700210E52 /* GoogleSignIn */; };
		843CC1432CCD98A700210E52 /* GoogleSignInSwift in Frameworks */ = {isa = PBXBuildFile; productRef = 843CC1422CCD98A700210E52 /* GoogleSignInSwift */; };
		843CC14F2CCDD3AD00210E52 /* RealmSwift in Embed Frameworks */ = {isa = PBXBuildFile; productRef = 843CC1102CCBE01C00210E52 /* RealmSwift */; settings = {ATTRIBUTES = (CodeSignOnCopy, ); }; };
		843CC19D2CCF993F00210E52 /* RealmSwift in Frameworks */ = {isa = PBXBuildFile; productRef = 843CC19C2CCF993F00210E52 /* RealmSwift */; };
		843CC19E2CCF993F00210E52 /* RealmSwift in Embed Frameworks */ = {isa = PBXBuildFile; productRef = 843CC19C2CCF993F00210E52 /* RealmSwift */; settings = {ATTRIBUTES = (CodeSignOnCopy, ); }; };
		843CC1A12CCF994800210E52 /* FirebaseCore in Frameworks */ = {isa = PBXBuildFile; productRef = 843CC1A02CCF994800210E52 /* FirebaseCore */; };
		843CC1A32CCF99BD00210E52 /* RealmSwift in Frameworks */ = {isa = PBXBuildFile; productRef = 843CC1A22CCF99BD00210E52 /* RealmSwift */; };
		843CC1A42CCF99BD00210E52 /* RealmSwift in Embed Frameworks */ = {isa = PBXBuildFile; productRef = 843CC1A22CCF99BD00210E52 /* RealmSwift */; settings = {ATTRIBUTES = (CodeSignOnCopy, ); }; };
		843CC1A62CCF99BD00210E52 /* FirebaseCore in Frameworks */ = {isa = PBXBuildFile; productRef = 843CC1A52CCF99BD00210E52 /* FirebaseCore */; };
		843CC1B52CCF9B1700210E52 /* FirebaseAuth in Frameworks */ = {isa = PBXBuildFile; productRef = 843CC1B42CCF9B1700210E52 /* FirebaseAuth */; };
		843CC1BB2CCF9B1800210E52 /* FirebaseDatabase in Frameworks */ = {isa = PBXBuildFile; productRef = 843CC1BA2CCF9B1800210E52 /* FirebaseDatabase */; };
		843CC1D32CCF9B1800210E52 /* FirebaseStorage in Frameworks */ = {isa = PBXBuildFile; productRef = 843CC1D22CCF9B1800210E52 /* FirebaseStorage */; };
		843CC1D52CCF9B1800210E52 /* FirebaseStorageCombine-Community in Frameworks */ = {isa = PBXBuildFile; productRef = 843CC1D42CCF9B1800210E52 /* FirebaseStorageCombine-Community */; };
		843CC1D92CCF9B9200210E52 /* GoogleSignIn in Frameworks */ = {isa = PBXBuildFile; productRef = 843CC1D82CCF9B9200210E52 /* GoogleSignIn */; };
/* End PBXBuildFile section */

/* Begin PBXContainerItemProxy section */
		84DE344D2CC8D17F001A823C /* PBXContainerItemProxy */ = {
			isa = PBXContainerItemProxy;
			containerPortal = 84DE34342CC8D17D001A823C /* Project object */;
			proxyType = 1;
			remoteGlobalIDString = 84DE343B2CC8D17D001A823C;
			remoteInfo = Weather;
		};
		84DE34572CC8D17F001A823C /* PBXContainerItemProxy */ = {
			isa = PBXContainerItemProxy;
			containerPortal = 84DE34342CC8D17D001A823C /* Project object */;
			proxyType = 1;
			remoteGlobalIDString = 84DE343B2CC8D17D001A823C;
			remoteInfo = Weather;
		};
/* End PBXContainerItemProxy section */

/* Begin PBXCopyFilesBuildPhase section */
		843CC14E2CCDD39700210E52 /* Embed Frameworks */ = {
			isa = PBXCopyFilesBuildPhase;
			buildActionMask = 2147483647;
			dstPath = "";
			dstSubfolderSpec = 10;
			files = (
				843CC14F2CCDD3AD00210E52 /* RealmSwift in Embed Frameworks */,
			);
			name = "Embed Frameworks";
			runOnlyForDeploymentPostprocessing = 0;
		};
		843CC19F2CCF993F00210E52 /* Embed Frameworks */ = {
			isa = PBXCopyFilesBuildPhase;
			buildActionMask = 2147483647;
			dstPath = "";
			dstSubfolderSpec = 10;
			files = (
				843CC19E2CCF993F00210E52 /* RealmSwift in Embed Frameworks */,
			);
			name = "Embed Frameworks";
			runOnlyForDeploymentPostprocessing = 0;
		};
		843CC1A72CCF99BD00210E52 /* Embed Frameworks */ = {
			isa = PBXCopyFilesBuildPhase;
			buildActionMask = 2147483647;
			dstPath = "";
			dstSubfolderSpec = 10;
			files = (
				843CC1A42CCF99BD00210E52 /* RealmSwift in Embed Frameworks */,
			);
			name = "Embed Frameworks";
			runOnlyForDeploymentPostprocessing = 0;
		};
/* End PBXCopyFilesBuildPhase section */

/* Begin PBXFileReference section */
		84DE343C2CC8D17D001A823C /* Weather.app */ = {isa = PBXFileReference; explicitFileType = wrapper.application; includeInIndex = 0; path = Weather.app; sourceTree = BUILT_PRODUCTS_DIR; };
		84DE344C2CC8D17F001A823C /* WeatherTests.xctest */ = {isa = PBXFileReference; explicitFileType = wrapper.cfbundle; includeInIndex = 0; path = WeatherTests.xctest; sourceTree = BUILT_PRODUCTS_DIR; };
		84DE34562CC8D17F001A823C /* WeatherUITests.xctest */ = {isa = PBXFileReference; explicitFileType = wrapper.cfbundle; includeInIndex = 0; path = WeatherUITests.xctest; sourceTree = BUILT_PRODUCTS_DIR; };
/* End PBXFileReference section */

/* Begin PBXFileSystemSynchronizedBuildFileExceptionSet section */
		843CC1452CCD9BF600210E52 /* Exceptions for "Weather" folder in "Weather" target */ = {
			isa = PBXFileSystemSynchronizedBuildFileExceptionSet;
			membershipExceptions = (
				Info.plist,
			);
			target = 84DE343B2CC8D17D001A823C /* Weather */;
		};
/* End PBXFileSystemSynchronizedBuildFileExceptionSet section */

/* Begin PBXFileSystemSynchronizedRootGroup section */
		84DE343E2CC8D17D001A823C /* Weather */ = {
			isa = PBXFileSystemSynchronizedRootGroup;
			exceptions = (
				843CC1452CCD9BF600210E52 /* Exceptions for "Weather" folder in "Weather" target */,
			);
			path = Weather;
			sourceTree = "<group>";
		};
		84DE344F2CC8D17F001A823C /* WeatherTests */ = {
			isa = PBXFileSystemSynchronizedRootGroup;
			path = WeatherTests;
			sourceTree = "<group>";
		};
		84DE34592CC8D17F001A823C /* WeatherUITests */ = {
			isa = PBXFileSystemSynchronizedRootGroup;
			path = WeatherUITests;
			sourceTree = "<group>";
		};
/* End PBXFileSystemSynchronizedRootGroup section */

/* Begin PBXFrameworksBuildPhase section */
		84DE34392CC8D17D001A823C /* Frameworks */ = {
			isa = PBXFrameworksBuildPhase;
			buildActionMask = 2147483647;
			files = (
				843CC1112CCBE01C00210E52 /* RealmSwift in Frameworks */,
				843CC11E2CCD72E600210E52 /* FirebaseAuth in Frameworks */,
				843CC1412CCD98A700210E52 /* GoogleSignIn in Frameworks */,
				843CC1432CCD98A700210E52 /* GoogleSignInSwift in Frameworks */,
			);
			runOnlyForDeploymentPostprocessing = 0;
		};
		84DE34492CC8D17F001A823C /* Frameworks */ = {
			isa = PBXFrameworksBuildPhase;
			buildActionMask = 2147483647;
			files = (
				843CC19D2CCF993F00210E52 /* RealmSwift in Frameworks */,
				843CC1A12CCF994800210E52 /* FirebaseCore in Frameworks */,
			);
			runOnlyForDeploymentPostprocessing = 0;
		};
		84DE34532CC8D17F001A823C /* Frameworks */ = {
			isa = PBXFrameworksBuildPhase;
			buildActionMask = 2147483647;
			files = (
				843CC1D92CCF9B9200210E52 /* GoogleSignIn in Frameworks */,
				843CC1A62CCF99BD00210E52 /* FirebaseCore in Frameworks */,
				843CC1A32CCF99BD00210E52 /* RealmSwift in Frameworks */,
				843CC1D52CCF9B1800210E52 /* FirebaseStorageCombine-Community in Frameworks */,
				843CC1D32CCF9B1800210E52 /* FirebaseStorage in Frameworks */,
				843CC1BB2CCF9B1800210E52 /* FirebaseDatabase in Frameworks */,
				843CC1B52CCF9B1700210E52 /* FirebaseAuth in Frameworks */,
			);
			runOnlyForDeploymentPostprocessing = 0;
		};
/* End PBXFrameworksBuildPhase section */

/* Begin PBXGroup section */
		843CC14A2CCDD39700210E52 /* Frameworks */ = {
			isa = PBXGroup;
			children = (
			);
			name = Frameworks;
			sourceTree = "<group>";
		};
		84DE34332CC8D17D001A823C = {
			isa = PBXGroup;
			children = (
				84DE343E2CC8D17D001A823C /* Weather */,
				84DE344F2CC8D17F001A823C /* WeatherTests */,
				84DE34592CC8D17F001A823C /* WeatherUITests */,
				843CC14A2CCDD39700210E52 /* Frameworks */,
				84DE343D2CC8D17D001A823C /* Products */,
			);
			sourceTree = "<group>";
		};
		84DE343D2CC8D17D001A823C /* Products */ = {
			isa = PBXGroup;
			children = (
				84DE343C2CC8D17D001A823C /* Weather.app */,
				84DE344C2CC8D17F001A823C /* WeatherTests.xctest */,
				84DE34562CC8D17F001A823C /* WeatherUITests.xctest */,
			);
			name = Products;
			sourceTree = "<group>";
		};
/* End PBXGroup section */

/* Begin PBXNativeTarget section */
		84DE343B2CC8D17D001A823C /* Weather */ = {
			isa = PBXNativeTarget;
			buildConfigurationList = 84DE34602CC8D17F001A823C /* Build configuration list for PBXNativeTarget "Weather" */;
			buildPhases = (
				84DE34382CC8D17D001A823C /* Sources */,
				84DE34392CC8D17D001A823C /* Frameworks */,
				84DE343A2CC8D17D001A823C /* Resources */,
				843CC14E2CCDD39700210E52 /* Embed Frameworks */,
			);
			buildRules = (
			);
			dependencies = (
			);
			fileSystemSynchronizedGroups = (
				84DE343E2CC8D17D001A823C /* Weather */,
			);
			name = Weather;
			packageProductDependencies = (
				843CC1102CCBE01C00210E52 /* RealmSwift */,
				843CC11D2CCD72E600210E52 /* FirebaseAuth */,
				843CC1402CCD98A700210E52 /* GoogleSignIn */,
				843CC1422CCD98A700210E52 /* GoogleSignInSwift */,
			);
			productName = Weather;
			productReference = 84DE343C2CC8D17D001A823C /* Weather.app */;
			productType = "com.apple.product-type.application";
		};
		84DE344B2CC8D17F001A823C /* WeatherTests */ = {
			isa = PBXNativeTarget;
			buildConfigurationList = 84DE34632CC8D17F001A823C /* Build configuration list for PBXNativeTarget "WeatherTests" */;
			buildPhases = (
				84DE34482CC8D17F001A823C /* Sources */,
				84DE34492CC8D17F001A823C /* Frameworks */,
				84DE344A2CC8D17F001A823C /* Resources */,
				843CC19F2CCF993F00210E52 /* Embed Frameworks */,
			);
			buildRules = (
			);
			dependencies = (
				84DE344E2CC8D17F001A823C /* PBXTargetDependency */,
			);
			fileSystemSynchronizedGroups = (
				84DE344F2CC8D17F001A823C /* WeatherTests */,
			);
			name = WeatherTests;
			packageProductDependencies = (
				843CC19C2CCF993F00210E52 /* RealmSwift */,
				843CC1A02CCF994800210E52 /* FirebaseCore */,
			);
			productName = WeatherTests;
			productReference = 84DE344C2CC8D17F001A823C /* WeatherTests.xctest */;
			productType = "com.apple.product-type.bundle.unit-test";
		};
		84DE34552CC8D17F001A823C /* WeatherUITests */ = {
			isa = PBXNativeTarget;
			buildConfigurationList = 84DE34662CC8D17F001A823C /* Build configuration list for PBXNativeTarget "WeatherUITests" */;
			buildPhases = (
				84DE34522CC8D17F001A823C /* Sources */,
				84DE34532CC8D17F001A823C /* Frameworks */,
				84DE34542CC8D17F001A823C /* Resources */,
				843CC1A72CCF99BD00210E52 /* Embed Frameworks */,
			);
			buildRules = (
			);
			dependencies = (
				84DE34582CC8D17F001A823C /* PBXTargetDependency */,
			);
			fileSystemSynchronizedGroups = (
				84DE34592CC8D17F001A823C /* WeatherUITests */,
			);
			name = WeatherUITests;
			packageProductDependencies = (
				843CC1A22CCF99BD00210E52 /* RealmSwift */,
				843CC1A52CCF99BD00210E52 /* FirebaseCore */,
				843CC1B42CCF9B1700210E52 /* FirebaseAuth */,
				843CC1BA2CCF9B1800210E52 /* FirebaseDatabase */,
				843CC1D22CCF9B1800210E52 /* FirebaseStorage */,
				843CC1D42CCF9B1800210E52 /* FirebaseStorageCombine-Community */,
				843CC1D82CCF9B9200210E52 /* GoogleSignIn */,
			);
			productName = WeatherUITests;
			productReference = 84DE34562CC8D17F001A823C /* WeatherUITests.xctest */;
			productType = "com.apple.product-type.bundle.ui-testing";
		};
/* End PBXNativeTarget section */

/* Begin PBXProject section */
		84DE34342CC8D17D001A823C /* Project object */ = {
			isa = PBXProject;
			attributes = {
				BuildIndependentTargetsInParallel = 1;
				LastSwiftUpdateCheck = 1600;
				LastUpgradeCheck = 1600;
				TargetAttributes = {
					84DE343B2CC8D17D001A823C = {
						CreatedOnToolsVersion = 16.0;
					};
					84DE344B2CC8D17F001A823C = {
						CreatedOnToolsVersion = 16.0;
						TestTargetID = 84DE343B2CC8D17D001A823C;
					};
					84DE34552CC8D17F001A823C = {
						CreatedOnToolsVersion = 16.0;
						TestTargetID = 84DE343B2CC8D17D001A823C;
					};
				};
			};
			buildConfigurationList = 84DE34372CC8D17D001A823C /* Build configuration list for PBXProject "Weather" */;
			developmentRegion = en;
			hasScannedForEncodings = 0;
			knownRegions = (
				en,
				Base,
			);
			mainGroup = 84DE34332CC8D17D001A823C;
			minimizedProjectReferenceProxies = 1;
			packageReferences = (
				843CC10F2CCBE01C00210E52 /* XCRemoteSwiftPackageReference "realm-swift" */,
				843CC11C2CCD72E600210E52 /* XCRemoteSwiftPackageReference "firebase-ios-sdk" */,
				843CC13F2CCD98A700210E52 /* XCRemoteSwiftPackageReference "GoogleSignIn-iOS" */,
			);
			preferredProjectObjectVersion = 77;
			productRefGroup = 84DE343D2CC8D17D001A823C /* Products */;
			projectDirPath = "";
			projectRoot = "";
			targets = (
				84DE343B2CC8D17D001A823C /* Weather */,
				84DE344B2CC8D17F001A823C /* WeatherTests */,
				84DE34552CC8D17F001A823C /* WeatherUITests */,
			);
		};
/* End PBXProject section */

/* Begin PBXResourcesBuildPhase section */
		84DE343A2CC8D17D001A823C /* Resources */ = {
			isa = PBXResourcesBuildPhase;
			buildActionMask = 2147483647;
			files = (
			);
			runOnlyForDeploymentPostprocessing = 0;
		};
		84DE344A2CC8D17F001A823C /* Resources */ = {
			isa = PBXResourcesBuildPhase;
			buildActionMask = 2147483647;
			files = (
			);
			runOnlyForDeploymentPostprocessing = 0;
		};
		84DE34542CC8D17F001A823C /* Resources */ = {
			isa = PBXResourcesBuildPhase;
			buildActionMask = 2147483647;
			files = (
			);
			runOnlyForDeploymentPostprocessing = 0;
		};
/* End PBXResourcesBuildPhase section */

/* Begin PBXSourcesBuildPhase section */
		84DE34382CC8D17D001A823C /* Sources */ = {
			isa = PBXSourcesBuildPhase;
			buildActionMask = 2147483647;
			files = (
			);
			runOnlyForDeploymentPostprocessing = 0;
		};
		84DE34482CC8D17F001A823C /* Sources */ = {
			isa = PBXSourcesBuildPhase;
			buildActionMask = 2147483647;
			files = (
			);
			runOnlyForDeploymentPostprocessing = 0;
		};
		84DE34522CC8D17F001A823C /* Sources */ = {
			isa = PBXSourcesBuildPhase;
			buildActionMask = 2147483647;
			files = (
			);
			runOnlyForDeploymentPostprocessing = 0;
		};
/* End PBXSourcesBuildPhase section */

/* Begin PBXTargetDependency section */
		84DE344E2CC8D17F001A823C /* PBXTargetDependency */ = {
			isa = PBXTargetDependency;
			target = 84DE343B2CC8D17D001A823C /* Weather */;
			targetProxy = 84DE344D2CC8D17F001A823C /* PBXContainerItemProxy */;
		};
		84DE34582CC8D17F001A823C /* PBXTargetDependency */ = {
			isa = PBXTargetDependency;
			target = 84DE343B2CC8D17D001A823C /* Weather */;
			targetProxy = 84DE34572CC8D17F001A823C /* PBXContainerItemProxy */;
		};
/* End PBXTargetDependency section */

/* Begin XCBuildConfiguration section */
		84DE345E2CC8D17F001A823C /* Debug */ = {
			isa = XCBuildConfiguration;
			buildSettings = {
				ALWAYS_SEARCH_USER_PATHS = NO;
				ASSETCATALOG_COMPILER_GENERATE_SWIFT_ASSET_SYMBOL_EXTENSIONS = YES;
				CLANG_ANALYZER_NONNULL = YES;
				CLANG_ANALYZER_NUMBER_OBJECT_CONVERSION = YES_AGGRESSIVE;
				CLANG_CXX_LANGUAGE_STANDARD = "gnu++20";
				CLANG_ENABLE_MODULES = YES;
				CLANG_ENABLE_OBJC_ARC = YES;
				CLANG_ENABLE_OBJC_WEAK = YES;
				CLANG_WARN_BLOCK_CAPTURE_AUTORELEASING = YES;
				CLANG_WARN_BOOL_CONVERSION = YES;
				CLANG_WARN_COMMA = YES;
				CLANG_WARN_CONSTANT_CONVERSION = YES;
				CLANG_WARN_DEPRECATED_OBJC_IMPLEMENTATIONS = YES;
				CLANG_WARN_DIRECT_OBJC_ISA_USAGE = YES_ERROR;
				CLANG_WARN_DOCUMENTATION_COMMENTS = YES;
				CLANG_WARN_EMPTY_BODY = YES;
				CLANG_WARN_ENUM_CONVERSION = YES;
				CLANG_WARN_INFINITE_RECURSION = YES;
				CLANG_WARN_INT_CONVERSION = YES;
				CLANG_WARN_NON_LITERAL_NULL_CONVERSION = YES;
				CLANG_WARN_OBJC_IMPLICIT_RETAIN_SELF = YES;
				CLANG_WARN_OBJC_LITERAL_CONVERSION = YES;
				CLANG_WARN_OBJC_ROOT_CLASS = YES_ERROR;
				CLANG_WARN_QUOTED_INCLUDE_IN_FRAMEWORK_HEADER = YES;
				CLANG_WARN_RANGE_LOOP_ANALYSIS = YES;
				CLANG_WARN_STRICT_PROTOTYPES = YES;
				CLANG_WARN_SUSPICIOUS_MOVE = YES;
				CLANG_WARN_UNGUARDED_AVAILABILITY = YES_AGGRESSIVE;
				CLANG_WARN_UNREACHABLE_CODE = YES;
				CLANG_WARN__DUPLICATE_METHOD_MATCH = YES;
				COPY_PHASE_STRIP = NO;
				DEBUG_INFORMATION_FORMAT = dwarf;
				ENABLE_STRICT_OBJC_MSGSEND = YES;
				ENABLE_TESTABILITY = YES;
				ENABLE_USER_SCRIPT_SANDBOXING = YES;
				GCC_C_LANGUAGE_STANDARD = gnu17;
				GCC_DYNAMIC_NO_PIC = NO;
				GCC_NO_COMMON_BLOCKS = YES;
				GCC_OPTIMIZATION_LEVEL = 0;
				GCC_PREPROCESSOR_DEFINITIONS = (
					"DEBUG=1",
					"$(inherited)",
				);
				GCC_WARN_64_TO_32_BIT_CONVERSION = YES;
				GCC_WARN_ABOUT_RETURN_TYPE = YES_ERROR;
				GCC_WARN_UNDECLARED_SELECTOR = YES;
				GCC_WARN_UNINITIALIZED_AUTOS = YES_AGGRESSIVE;
				GCC_WARN_UNUSED_FUNCTION = YES;
				GCC_WARN_UNUSED_VARIABLE = YES;
				IPHONEOS_DEPLOYMENT_TARGET = 17.6;
				LOCALIZATION_PREFERS_STRING_CATALOGS = YES;
				MTL_ENABLE_DEBUG_INFO = INCLUDE_SOURCE;
				MTL_FAST_MATH = YES;
				ONLY_ACTIVE_ARCH = YES;
				SDKROOT = iphoneos;
				SWIFT_ACTIVE_COMPILATION_CONDITIONS = "DEBUG $(inherited)";
				SWIFT_OPTIMIZATION_LEVEL = "-Onone";
			};
			name = Debug;
		};
		84DE345F2CC8D17F001A823C /* Release */ = {
			isa = XCBuildConfiguration;
			buildSettings = {
				ALWAYS_SEARCH_USER_PATHS = NO;
				ASSETCATALOG_COMPILER_GENERATE_SWIFT_ASSET_SYMBOL_EXTENSIONS = YES;
				CLANG_ANALYZER_NONNULL = YES;
				CLANG_ANALYZER_NUMBER_OBJECT_CONVERSION = YES_AGGRESSIVE;
				CLANG_CXX_LANGUAGE_STANDARD = "gnu++20";
				CLANG_ENABLE_MODULES = YES;
				CLANG_ENABLE_OBJC_ARC = YES;
				CLANG_ENABLE_OBJC_WEAK = YES;
				CLANG_WARN_BLOCK_CAPTURE_AUTORELEASING = YES;
				CLANG_WARN_BOOL_CONVERSION = YES;
				CLANG_WARN_COMMA = YES;
				CLANG_WARN_CONSTANT_CONVERSION = YES;
				CLANG_WARN_DEPRECATED_OBJC_IMPLEMENTATIONS = YES;
				CLANG_WARN_DIRECT_OBJC_ISA_USAGE = YES_ERROR;
				CLANG_WARN_DOCUMENTATION_COMMENTS = YES;
				CLANG_WARN_EMPTY_BODY = YES;
				CLANG_WARN_ENUM_CONVERSION = YES;
				CLANG_WARN_INFINITE_RECURSION = YES;
				CLANG_WARN_INT_CONVERSION = YES;
				CLANG_WARN_NON_LITERAL_NULL_CONVERSION = YES;
				CLANG_WARN_OBJC_IMPLICIT_RETAIN_SELF = YES;
				CLANG_WARN_OBJC_LITERAL_CONVERSION = YES;
				CLANG_WARN_OBJC_ROOT_CLASS = YES_ERROR;
				CLANG_WARN_QUOTED_INCLUDE_IN_FRAMEWORK_HEADER = YES;
				CLANG_WARN_RANGE_LOOP_ANALYSIS = YES;
				CLANG_WARN_STRICT_PROTOTYPES = YES;
				CLANG_WARN_SUSPICIOUS_MOVE = YES;
				CLANG_WARN_UNGUARDED_AVAILABILITY = YES_AGGRESSIVE;
				CLANG_WARN_UNREACHABLE_CODE = YES;
				CLANG_WARN__DUPLICATE_METHOD_MATCH = YES;
				COPY_PHASE_STRIP = NO;
				DEBUG_INFORMATION_FORMAT = "dwarf-with-dsym";
				ENABLE_NS_ASSERTIONS = NO;
				ENABLE_STRICT_OBJC_MSGSEND = YES;
				ENABLE_USER_SCRIPT_SANDBOXING = YES;
				GCC_C_LANGUAGE_STANDARD = gnu17;
				GCC_NO_COMMON_BLOCKS = YES;
				GCC_WARN_64_TO_32_BIT_CONVERSION = YES;
				GCC_WARN_ABOUT_RETURN_TYPE = YES_ERROR;
				GCC_WARN_UNDECLARED_SELECTOR = YES;
				GCC_WARN_UNINITIALIZED_AUTOS = YES_AGGRESSIVE;
				GCC_WARN_UNUSED_FUNCTION = YES;
				GCC_WARN_UNUSED_VARIABLE = YES;
				IPHONEOS_DEPLOYMENT_TARGET = 17.6;
				LOCALIZATION_PREFERS_STRING_CATALOGS = YES;
				MTL_ENABLE_DEBUG_INFO = NO;
				MTL_FAST_MATH = YES;
				SDKROOT = iphoneos;
				SWIFT_COMPILATION_MODE = wholemodule;
				VALIDATE_PRODUCT = YES;
			};
			name = Release;
		};
		84DE34612CC8D17F001A823C /* Debug */ = {
			isa = XCBuildConfiguration;
			buildSettings = {
				ASSETCATALOG_COMPILER_APPICON_NAME = AppIcon;
				ASSETCATALOG_COMPILER_GLOBAL_ACCENT_COLOR_NAME = AccentColor;
				CODE_SIGN_STYLE = Automatic;
				CURRENT_PROJECT_VERSION = 1;
				DEVELOPMENT_ASSET_PATHS = "\"Weather/Preview Content\"";
				DEVELOPMENT_TEAM = G3G9SFK8K9;
				ENABLE_PREVIEWS = YES;
				GENERATE_INFOPLIST_FILE = YES;
				INFOPLIST_FILE = Weather/Info.plist;
				INFOPLIST_KEY_NSLocationWhenInUseUsageDescription = "We need your location to show you weather information for your area";
				INFOPLIST_KEY_UIApplicationSceneManifest_Generation = YES;
				INFOPLIST_KEY_UIApplicationSupportsIndirectInputEvents = YES;
				INFOPLIST_KEY_UILaunchScreen_Generation = YES;
				INFOPLIST_KEY_UISupportedInterfaceOrientations_iPad = "UIInterfaceOrientationPortrait UIInterfaceOrientationPortraitUpsideDown UIInterfaceOrientationLandscapeLeft UIInterfaceOrientationLandscapeRight";
				INFOPLIST_KEY_UISupportedInterfaceOrientations_iPhone = "UIInterfaceOrientationPortrait UIInterfaceOrientationLandscapeLeft UIInterfaceOrientationLandscapeRight";
				IPHONEOS_DEPLOYMENT_TARGET = 17.4;
				LD_RUNPATH_SEARCH_PATHS = (
					"$(inherited)",
					"@executable_path/Frameworks",
				);
				MARKETING_VERSION = 1.0;
				PRODUCT_BUNDLE_IDENTIFIER = com.gohar.Weather.Weather;
				PRODUCT_NAME = "$(TARGET_NAME)";
				SWIFT_EMIT_LOC_STRINGS = YES;
				SWIFT_VERSION = 5.0;
				TARGETED_DEVICE_FAMILY = "1,2";
			};
			name = Debug;
		};
		84DE34622CC8D17F001A823C /* Release */ = {
			isa = XCBuildConfiguration;
			buildSettings = {
				ASSETCATALOG_COMPILER_APPICON_NAME = AppIcon;
				ASSETCATALOG_COMPILER_GLOBAL_ACCENT_COLOR_NAME = AccentColor;
				CODE_SIGN_STYLE = Automatic;
				CURRENT_PROJECT_VERSION = 1;
				DEVELOPMENT_ASSET_PATHS = "\"Weather/Preview Content\"";
				DEVELOPMENT_TEAM = G3G9SFK8K9;
				ENABLE_PREVIEWS = YES;
				GENERATE_INFOPLIST_FILE = YES;
				INFOPLIST_FILE = Weather/Info.plist;
				INFOPLIST_KEY_NSLocationWhenInUseUsageDescription = "We need your location to show you weather information for your area";
				INFOPLIST_KEY_UIApplicationSceneManifest_Generation = YES;
				INFOPLIST_KEY_UIApplicationSupportsIndirectInputEvents = YES;
				INFOPLIST_KEY_UILaunchScreen_Generation = YES;
				INFOPLIST_KEY_UISupportedInterfaceOrientations_iPad = "UIInterfaceOrientationPortrait UIInterfaceOrientationPortraitUpsideDown UIInterfaceOrientationLandscapeLeft UIInterfaceOrientationLandscapeRight";
				INFOPLIST_KEY_UISupportedInterfaceOrientations_iPhone = "UIInterfaceOrientationPortrait UIInterfaceOrientationLandscapeLeft UIInterfaceOrientationLandscapeRight";
				IPHONEOS_DEPLOYMENT_TARGET = 17.4;
				LD_RUNPATH_SEARCH_PATHS = (
					"$(inherited)",
					"@executable_path/Frameworks",
				);
				MARKETING_VERSION = 1.0;
				PRODUCT_BUNDLE_IDENTIFIER = com.gohar.Weather.Weather;
				PRODUCT_NAME = "$(TARGET_NAME)";
				SWIFT_EMIT_LOC_STRINGS = YES;
				SWIFT_VERSION = 5.0;
				TARGETED_DEVICE_FAMILY = "1,2";
			};
			name = Release;
		};
		84DE34642CC8D17F001A823C /* Debug */ = {
			isa = XCBuildConfiguration;
			buildSettings = {
				BUNDLE_LOADER = "$(TEST_HOST)";
				CODE_SIGN_STYLE = Automatic;
				CURRENT_PROJECT_VERSION = 1;
				DEVELOPMENT_TEAM = G3G9SFK8K9;
				GENERATE_INFOPLIST_FILE = YES;
				IPHONEOS_DEPLOYMENT_TARGET = 17.4;
				MARKETING_VERSION = 1.0;
				PRODUCT_BUNDLE_IDENTIFIER = com.gohar.Weather.WeatherTests;
				PRODUCT_NAME = "$(TARGET_NAME)";
				SWIFT_EMIT_LOC_STRINGS = NO;
				SWIFT_VERSION = 5.0;
				TARGETED_DEVICE_FAMILY = "1,2";
				TEST_HOST = "$(BUILT_PRODUCTS_DIR)/Weather.app/$(BUNDLE_EXECUTABLE_FOLDER_PATH)/Weather";
			};
			name = Debug;
		};
		84DE34652CC8D17F001A823C /* Release */ = {
			isa = XCBuildConfiguration;
			buildSettings = {
				BUNDLE_LOADER = "$(TEST_HOST)";
				CODE_SIGN_STYLE = Automatic;
				CURRENT_PROJECT_VERSION = 1;
				DEVELOPMENT_TEAM = G3G9SFK8K9;
				GENERATE_INFOPLIST_FILE = YES;
				IPHONEOS_DEPLOYMENT_TARGET = 17.4;
				MARKETING_VERSION = 1.0;
				PRODUCT_BUNDLE_IDENTIFIER = com.gohar.Weather.WeatherTests;
				PRODUCT_NAME = "$(TARGET_NAME)";
				SWIFT_EMIT_LOC_STRINGS = NO;
				SWIFT_VERSION = 5.0;
				TARGETED_DEVICE_FAMILY = "1,2";
				TEST_HOST = "$(BUILT_PRODUCTS_DIR)/Weather.app/$(BUNDLE_EXECUTABLE_FOLDER_PATH)/Weather";
			};
			name = Release;
		};
		84DE34672CC8D17F001A823C /* Debug */ = {
			isa = XCBuildConfiguration;
			buildSettings = {
				CODE_SIGN_STYLE = Automatic;
				CURRENT_PROJECT_VERSION = 1;
				DEVELOPMENT_TEAM = G3G9SFK8K9;
				GENERATE_INFOPLIST_FILE = YES;
				MARKETING_VERSION = 1.0;
				PRODUCT_BUNDLE_IDENTIFIER = com.gohar.Weather.WeatherUITests;
				PRODUCT_NAME = "$(TARGET_NAME)";
				SWIFT_EMIT_LOC_STRINGS = NO;
				SWIFT_VERSION = 5.0;
				TARGETED_DEVICE_FAMILY = "1,2";
				TEST_TARGET_NAME = Weather;
			};
			name = Debug;
		};
		84DE34682CC8D17F001A823C /* Release */ = {
			isa = XCBuildConfiguration;
			buildSettings = {
				CODE_SIGN_STYLE = Automatic;
				CURRENT_PROJECT_VERSION = 1;
				DEVELOPMENT_TEAM = G3G9SFK8K9;
				GENERATE_INFOPLIST_FILE = YES;
				MARKETING_VERSION = 1.0;
				PRODUCT_BUNDLE_IDENTIFIER = com.gohar.Weather.WeatherUITests;
				PRODUCT_NAME = "$(TARGET_NAME)";
				SWIFT_EMIT_LOC_STRINGS = NO;
				SWIFT_VERSION = 5.0;
				TARGETED_DEVICE_FAMILY = "1,2";
				TEST_TARGET_NAME = Weather;
			};
			name = Release;
		};
/* End XCBuildConfiguration section */

/* Begin XCConfigurationList section */
		84DE34372CC8D17D001A823C /* Build configuration list for PBXProject "Weather" */ = {
			isa = XCConfigurationList;
			buildConfigurations = (
				84DE345E2CC8D17F001A823C /* Debug */,
				84DE345F2CC8D17F001A823C /* Release */,
			);
			defaultConfigurationIsVisible = 0;
			defaultConfigurationName = Release;
		};
		84DE34602CC8D17F001A823C /* Build configuration list for PBXNativeTarget "Weather" */ = {
			isa = XCConfigurationList;
			buildConfigurations = (
				84DE34612CC8D17F001A823C /* Debug */,
				84DE34622CC8D17F001A823C /* Release */,
			);
			defaultConfigurationIsVisible = 0;
			defaultConfigurationName = Release;
		};
		84DE34632CC8D17F001A823C /* Build configuration list for PBXNativeTarget "WeatherTests" */ = {
			isa = XCConfigurationList;
			buildConfigurations = (
				84DE34642CC8D17F001A823C /* Debug */,
				84DE34652CC8D17F001A823C /* Release */,
			);
			defaultConfigurationIsVisible = 0;
			defaultConfigurationName = Release;
		};
		84DE34662CC8D17F001A823C /* Build configuration list for PBXNativeTarget "WeatherUITests" */ = {
			isa = XCConfigurationList;
			buildConfigurations = (
				84DE34672CC8D17F001A823C /* Debug */,
				84DE34682CC8D17F001A823C /* Release */,
			);
			defaultConfigurationIsVisible = 0;
			defaultConfigurationName = Release;
		};
/* End XCConfigurationList section */

/* Begin XCRemoteSwiftPackageReference section */
		843CC10F2CCBE01C00210E52 /* XCRemoteSwiftPackageReference "realm-swift" */ = {
			isa = XCRemoteSwiftPackageReference;
			repositoryURL = "https://github.com/realm/realm-swift";
			requirement = {
				branch = master;
				kind = branch;
			};
		};
		843CC11C2CCD72E600210E52 /* XCRemoteSwiftPackageReference "firebase-ios-sdk" */ = {
			isa = XCRemoteSwiftPackageReference;
			repositoryURL = "https://github.com/firebase/firebase-ios-sdk.git";
			requirement = {
				kind = upToNextMajorVersion;
				minimumVersion = 11.4.0;
			};
		};
		843CC13F2CCD98A700210E52 /* XCRemoteSwiftPackageReference "GoogleSignIn-iOS" */ = {
			isa = XCRemoteSwiftPackageReference;
			repositoryURL = "https://github.com/google/GoogleSignIn-iOS";
			requirement = {
				kind = upToNextMajorVersion;
				minimumVersion = 8.0.0;
			};
		};
/* End XCRemoteSwiftPackageReference section */

/* Begin XCSwiftPackageProductDependency section */
		843CC1102CCBE01C00210E52 /* RealmSwift */ = {
			isa = XCSwiftPackageProductDependency;
			package = 843CC10F2CCBE01C00210E52 /* XCRemoteSwiftPackageReference "realm-swift" */;
			productName = RealmSwift;
		};
		843CC11D2CCD72E600210E52 /* FirebaseAuth */ = {
			isa = XCSwiftPackageProductDependency;
			package = 843CC11C2CCD72E600210E52 /* XCRemoteSwiftPackageReference "firebase-ios-sdk" */;
			productName = FirebaseAuth;
		};
		843CC1402CCD98A700210E52 /* GoogleSignIn */ = {
			isa = XCSwiftPackageProductDependency;
			package = 843CC13F2CCD98A700210E52 /* XCRemoteSwiftPackageReference "GoogleSignIn-iOS" */;
			productName = GoogleSignIn;
		};
		843CC1422CCD98A700210E52 /* GoogleSignInSwift */ = {
			isa = XCSwiftPackageProductDependency;
			package = 843CC13F2CCD98A700210E52 /* XCRemoteSwiftPackageReference "GoogleSignIn-iOS" */;
			productName = GoogleSignInSwift;
		};
		843CC19C2CCF993F00210E52 /* RealmSwift */ = {
			isa = XCSwiftPackageProductDependency;
			package = 843CC10F2CCBE01C00210E52 /* XCRemoteSwiftPackageReference "realm-swift" */;
			productName = RealmSwift;
		};
		843CC1A02CCF994800210E52 /* FirebaseCore */ = {
			isa = XCSwiftPackageProductDependency;
			package = 843CC11C2CCD72E600210E52 /* XCRemoteSwiftPackageReference "firebase-ios-sdk" */;
			productName = FirebaseCore;
		};
		843CC1A22CCF99BD00210E52 /* RealmSwift */ = {
			isa = XCSwiftPackageProductDependency;
			package = 843CC10F2CCBE01C00210E52 /* XCRemoteSwiftPackageReference "realm-swift" */;
			productName = RealmSwift;
		};
		843CC1A52CCF99BD00210E52 /* FirebaseCore */ = {
			isa = XCSwiftPackageProductDependency;
			package = 843CC11C2CCD72E600210E52 /* XCRemoteSwiftPackageReference "firebase-ios-sdk" */;
			productName = FirebaseCore;
		};
		843CC1B42CCF9B1700210E52 /* FirebaseAuth */ = {
			isa = XCSwiftPackageProductDependency;
			package = 843CC11C2CCD72E600210E52 /* XCRemoteSwiftPackageReference "firebase-ios-sdk" */;
			productName = FirebaseAuth;
		};
		843CC1BA2CCF9B1800210E52 /* FirebaseDatabase */ = {
			isa = XCSwiftPackageProductDependency;
			package = 843CC11C2CCD72E600210E52 /* XCRemoteSwiftPackageReference "firebase-ios-sdk" */;
			productName = FirebaseDatabase;
		};
		843CC1D22CCF9B1800210E52 /* FirebaseStorage */ = {
			isa = XCSwiftPackageProductDependency;
			package = 843CC11C2CCD72E600210E52 /* XCRemoteSwiftPackageReference "firebase-ios-sdk" */;
			productName = FirebaseStorage;
		};
		843CC1D42CCF9B1800210E52 /* FirebaseStorageCombine-Community */ = {
			isa = XCSwiftPackageProductDependency;
			package = 843CC11C2CCD72E600210E52 /* XCRemoteSwiftPackageReference "firebase-ios-sdk" */;
			productName = "FirebaseStorageCombine-Community";
		};
		843CC1D82CCF9B9200210E52 /* GoogleSignIn */ = {
			isa = XCSwiftPackageProductDependency;
			package = 843CC13F2CCD98A700210E52 /* XCRemoteSwiftPackageReference "GoogleSignIn-iOS" */;
			productName = GoogleSignIn;
		};
/* End XCSwiftPackageProductDependency section */
	};
	rootObject = 84DE34342CC8D17D001A823C /* Project object */;
}
